{
  "lockfile_version": "1",
  "packages": {
    "go@1.24.1": {
      "last_modified": "2025-03-23T05:31:05Z",
      "resolved": "github:NixOS/nixpkgs/dd613136ee91f67e5dba3f3f41ac99ae89c5406b#go",
      "source": "devbox-search",
      "version": "1.24.1",
      "systems": {
        "aarch64-darwin": {
          "outputs": [
            {
              "name": "out",
              "path": "/nix/store/ja4jxx60lh1qfqfl4z4p2rff56ia1c3c-go-1.24.1",
              "default": true
            }
          ],
          "store_path": "/nix/store/ja4jxx60lh1qfqfl4z4p2rff56ia1c3c-go-1.24.1"
        },
        "aarch64-linux": {
          "outputs": [
            {
              "name": "out",
              "path": "/nix/store/6zvrmsmdg7p8yw3vii20g40b4zsh6kjr-go-1.24.1",
              "default": true
            }
          ],
          "store_path": "/nix/store/6zvrmsmdg7p8yw3vii20g40b4zsh6kjr-go-1.24.1"
        },
        "x86_64-darwin": {
          "outputs": [
            {
              "name": "out",
              "path": "/nix/store/2bcic1xcha2k11djynr488v3pg0nnghr-go-1.24.1",
              "default": true
            }
          ],
          "store_path": "/nix/store/2bcic1xcha2k11djynr488v3pg0nnghr-go-1.24.1"
        },
        "x86_64-linux": {
          "outputs": [
            {
              "name": "out",
              "path": "/nix/store/g29rrn8qqlg4yjqv543ryrkimr7fk43h-go-1.24.1",
              "default": true
            }
          ],
          "store_path": "/nix/store/g29rrn8qqlg4yjqv543ryrkimr7fk43h-go-1.24.1"
        }
      }
    },
    "golangci-lint@2.0.2": {
      "last_modified": "2025-04-09T17:27:46Z",
      "resolved": "github:NixOS/nixpkgs/67d2b8200c828903b36a6dd0fb952fe424aa0606#golangci-lint",
      "source": "devbox-search",
      "version": "2.0.2",
      "systems": {
        "aarch64-darwin": {
          "outputs": [
            {
              "name": "out",
              "path": "/nix/store/qqi3hbsmbvwgvhmp9gfhhkicmq8320vn-golangci-lint-2.0.2",
              "default": true
            }
          ],
          "store_path": "/nix/store/qqi3hbsmbvwgvhmp9gfhhkicmq8320vn-golangci-lint-2.0.2"
        },
        "aarch64-linux": {
          "outputs": [
            {
              "name": "out",
              "path": "/nix/store/q6cmmcdb9qiy4vbw40zam7cdzx0rfpmm-golangci-lint-2.0.2",
              "default": true
            }
          ],
          "store_path": "/nix/store/q6cmmcdb9qiy4vbw40zam7cdzx0rfpmm-golangci-lint-2.0.2"
        },
        "x86_64-darwin": {
          "outputs": [
            {
              "name": "out",
              "path": "/nix/store/p00zsp099n3cb0dqbbziqs1ghrb9xxi3-golangci-lint-2.0.2",
              "default": true
            }
          ],
          "store_path": "/nix/store/p00zsp099n3cb0dqbbziqs1ghrb9xxi3-golangci-lint-2.0.2"
        },
        "x86_64-linux": {
          "outputs": [
            {
              "name": "out",
              "path": "/nix/store/7dqkhrpn6i52ninr0cndfwhxnkn3lj03-golangci-lint-2.0.2",
              "default": true
            }
          ],
          "store_path": "/nix/store/7dqkhrpn6i52ninr0cndfwhxnkn3lj03-golangci-lint-2.0.2"
        }
      }
    },
    "gopls@0.18.1": {
      "last_modified": "2025-03-29T14:41:00Z",
      "resolved": "github:NixOS/nixpkgs/eb0e0f21f15c559d2ac7633dc81d079d1caf5f5f#gopls",
      "source": "devbox-search",
      "version": "0.18.1",
      "systems": {
        "aarch64-darwin": {
          "outputs": [
            {
              "name": "out",
              "path": "/nix/store/h22v0brf9kmms9jz3fg4wlll1jbxpa9r-gopls-0.18.1",
              "default": true
            }
          ],
          "store_path": "/nix/store/h22v0brf9kmms9jz3fg4wlll1jbxpa9r-gopls-0.18.1"
        },
        "aarch64-linux": {
          "outputs": [
            {
              "name": "out",
              "path": "/nix/store/k8j6s20wg6cdhyri5vid7ch6bazzm55y-gopls-0.18.1",
              "default": true
            }
          ],
          "store_path": "/nix/store/k8j6s20wg6cdhyri5vid7ch6bazzm55y-gopls-0.18.1"
        },
        "x86_64-darwin": {
          "outputs": [
            {
              "name": "out",
              "path": "/nix/store/gp0f8chnr2ggfa9lmhm478x620pffrnl-gopls-0.18.1",
              "default": true
            }
          ],
          "store_path": "/nix/store/gp0f8chnr2ggfa9lmhm478x620pffrnl-gopls-0.18.1"
        },
        "x86_64-linux": {
          "outputs": [
            {
              "name": "out",
              "path": "/nix/store/9jrw0f9snjamw6bbc90yy04m0xd5l6zz-gopls-0.18.1",
              "default": true
            }
          ],
          "store_path": "/nix/store/9jrw0f9snjamw6bbc90yy04m0xd5l6zz-gopls-0.18.1"
        }
      }
    },
    "wget@1.25.0": {
      "last_modified": "2025-04-01T11:22:06Z",
      "resolved": "github:NixOS/nixpkgs/a4325209863278fc096401bfe9e0a9da34aa9e00#wget",
      "source": "devbox-search",
      "version": "1.25.0",
      "systems": {
        "aarch64-darwin": {
          "outputs": [
            {
              "name": "out",
              "path": "/nix/store/bhaparlbs0ffqgjjsjz319pz95fml4lq-wget-1.25.0",
              "default": true
            }
          ],
          "store_path": "/nix/store/bhaparlbs0ffqgjjsjz319pz95fml4lq-wget-1.25.0"
        },
        "aarch64-linux": {
          "outputs": [
            {
              "name": "out",
              "path": "/nix/store/3606kjc3iz13j090k9c8lcfrqr6zwiba-wget-1.25.0",
              "default": true
            }
          ],
          "store_path": "/nix/store/3606kjc3iz13j090k9c8lcfrqr6zwiba-wget-1.25.0"
        },
        "x86_64-darwin": {
          "outputs": [
            {
              "name": "out",
              "path": "/nix/store/c52p492zwbc3hlqcsw4glwrgl34dcvqc-wget-1.25.0",
              "default": true
            }
          ],
          "store_path": "/nix/store/c52p492zwbc3hlqcsw4glwrgl34dcvqc-wget-1.25.0"
        },
        "x86_64-linux": {
          "outputs": [
            {
              "name": "out",
              "path": "/nix/store/jck95mr008zm5c5w8cz2rp9ghl57vyh4-wget-1.25.0",
              "default": true
            }
          ],
          "store_path": "/nix/store/jck95mr008zm5c5w8cz2rp9ghl57vyh4-wget-1.25.0"
        }
      }
    }
  }
}
