{
  "lockfile_version": "1",
  "packages": {
    "go@latest": {
      "last_modified": "2024-11-03T14:18:04Z",
      "resolved": "github:NixOS/nixpkgs/4ae2e647537bcdbb82265469442713d066675275#go",
      "source": "devbox-search",
      "version": "1.23.2",
      "systems": {
        "aarch64-darwin": {
          "outputs": [
            {
              "name": "out",
              "path": "/nix/store/sc8n76lwg70fxcwnkxhqqfvfpvclqijy-go-1.23.2",
              "default": true
            }
          ],
          "store_path": "/nix/store/sc8n76lwg70fxcwnkxhqqfvfpvclqijy-go-1.23.2"
        },
        "aarch64-linux": {
          "outputs": [
            {
              "name": "out",
              "path": "/nix/store/hrhmssn2q67hlc2f43xxwk02h9kqbzhw-go-1.23.2",
              "default": true
            }
          ],
          "store_path": "/nix/store/hrhmssn2q67hlc2f43xxwk02h9kqbzhw-go-1.23.2"
        },
        "x86_64-darwin": {
          "outputs": [
            {
              "name": "out",
              "path": "/nix/store/akm89yc1ysajwi50glv4jmw2k80g8xdj-go-1.23.2",
              "default": true
            }
          ],
          "store_path": "/nix/store/akm89yc1ysajwi50glv4jmw2k80g8xdj-go-1.23.2"
        },
        "x86_64-linux": {
          "outputs": [
            {
              "name": "out",
              "path": "/nix/store/jyhpd4hgq672bm4m4s1r25zm1bx8vd44-go-1.23.2",
              "default": true
            }
          ],
          "store_path": "/nix/store/jyhpd4hgq672bm4m4s1r25zm1bx8vd44-go-1.23.2"
        }
      }
    },
    "gotools@latest": {
      "last_modified": "2024-11-16T04:25:12Z",
      "resolved": "github:NixOS/nixpkgs/34a626458d686f1b58139620a8b2793e9e123bba#gotools",
      "source": "devbox-search",
      "version": "0.25.0",
      "systems": {
        "aarch64-darwin": {
          "outputs": [
            {
              "name": "out",
              "path": "/nix/store/gln9g7av683v32vx5kvdgcf1f3vfxf5f-gotools-0.25.0",
              "default": true
            }
          ],
          "store_path": "/nix/store/gln9g7av683v32vx5kvdgcf1f3vfxf5f-gotools-0.25.0"
        },
        "aarch64-linux": {
          "outputs": [
            {
              "name": "out",
              "path": "/nix/store/l7kls58pi8qc8gwkqrypf6iacyhwlm8z-gotools-0.25.0",
              "default": true
            }
          ],
          "store_path": "/nix/store/l7kls58pi8qc8gwkqrypf6iacyhwlm8z-gotools-0.25.0"
        },
        "x86_64-darwin": {
          "outputs": [
            {
              "name": "out",
              "path": "/nix/store/yssxkkcvrn2dvlnv7mvd4jsk4f2h0zqf-gotools-0.25.0",
              "default": true
            }
          ],
          "store_path": "/nix/store/yssxkkcvrn2dvlnv7mvd4jsk4f2h0zqf-gotools-0.25.0"
        },
        "x86_64-linux": {
          "outputs": [
            {
              "name": "out",
              "path": "/nix/store/8nk07x74jnmcz83vbz4kj2x6wb8ds6sm-gotools-0.25.0",
              "default": true
            }
          ],
          "store_path": "/nix/store/8nk07x74jnmcz83vbz4kj2x6wb8ds6sm-gotools-0.25.0"
        }
      }
    },
    "wget@latest": {
      "last_modified": "2024-11-03T14:18:04Z",
      "resolved": "github:NixOS/nixpkgs/4ae2e647537bcdbb82265469442713d066675275#wget",
      "source": "devbox-search",
      "version": "1.24.5",
      "systems": {
        "aarch64-darwin": {
          "outputs": [
            {
              "name": "out",
              "path": "/nix/store/h171y909dcy4ahpy63941afndai6fhp8-wget-1.24.5",
              "default": true
            }
          ],
          "store_path": "/nix/store/h171y909dcy4ahpy63941afndai6fhp8-wget-1.24.5"
        },
        "aarch64-linux": {
          "outputs": [
            {
              "name": "out",
              "path": "/nix/store/mmsynx3xyw63b9jz6rfck17x2jj2cksc-wget-1.24.5",
              "default": true
            }
          ],
          "store_path": "/nix/store/mmsynx3xyw63b9jz6rfck17x2jj2cksc-wget-1.24.5"
        },
        "x86_64-darwin": {
          "outputs": [
            {
              "name": "out",
              "path": "/nix/store/ngyi3ny8wy2yg892cicl0rf987syg27n-wget-1.24.5",
              "default": true
            }
          ],
          "store_path": "/nix/store/ngyi3ny8wy2yg892cicl0rf987syg27n-wget-1.24.5"
        },
        "x86_64-linux": {
          "outputs": [
            {
              "name": "out",
              "path": "/nix/store/lxpqagx4z23qxxchpjz5vq23bhfgxgph-wget-1.24.5",
              "default": true
            }
          ],
          "store_path": "/nix/store/lxpqagx4z23qxxchpjz5vq23bhfgxgph-wget-1.24.5"
        }
      }
    }
  }
}
